// !$*UTF8*$!
{
	archiveVersion = 1;
	classes = {
	};
	objectVersion = 56;
	objects = {

/* Begin PBXBuildFile section */
		1C19D4B42B5C7635008E9E4F /* ErrorViewFactory.swift in Sources */ = {isa = PBXBuildFile; fileRef = 1C19D4B32B5C7635008E9E4F /* ErrorViewFactory.swift */; };
		1C1E07942B562EB6002E859F /* GithubAppApp.swift in Sources */ = {isa = PBXBuildFile; fileRef = 1C1E07932B562EB6002E859F /* GithubAppApp.swift */; };
		1C1E07962B562EB6002E859F /* ListView.swift in Sources */ = {isa = PBXBuildFile; fileRef = 1C1E07952B562EB6002E859F /* ListView.swift */; };
		1C1E07982B562EB8002E859F /* Assets.xcassets in Resources */ = {isa = PBXBuildFile; fileRef = 1C1E07972B562EB8002E859F /* Assets.xcassets */; };
		1C1E079B2B562EB8002E859F /* Preview Assets.xcassets in Resources */ = {isa = PBXBuildFile; fileRef = 1C1E079A2B562EB8002E859F /* Preview Assets.xcassets */; };
		1C1E07BE2B563749002E859F /* RepositoryProtocol.swift in Sources */ = {isa = PBXBuildFile; fileRef = 1C1E07BD2B563748002E859F /* RepositoryProtocol.swift */; };
		1C1E07C02B563A6E002E859F /* GithubUser.swift in Sources */ = {isa = PBXBuildFile; fileRef = 1C1E07BF2B563A6E002E859F /* GithubUser.swift */; };
		1C1E07C22B563ABA002E859F /* GithubUserDetails.swift in Sources */ = {isa = PBXBuildFile; fileRef = 1C1E07C12B563ABA002E859F /* GithubUserDetails.swift */; };
		1C1E07C42B563C6A002E859F /* Repository.swift in Sources */ = {isa = PBXBuildFile; fileRef = 1C1E07C32B563C6A002E859F /* Repository.swift */; };
		1C1E07C62B563E3E002E859F /* FetchUsersUseCaseProtocol.swift in Sources */ = {isa = PBXBuildFile; fileRef = 1C1E07C52B563E3E002E859F /* FetchUsersUseCaseProtocol.swift */; };
		1C1E07CA2B563FF9002E859F /* FetchUsersUseCase.swift in Sources */ = {isa = PBXBuildFile; fileRef = 1C1E07C92B563FF9002E859F /* FetchUsersUseCase.swift */; };
		1C1E07CC2B56ED5D002E859F /* FetchUserDetailsUseCaseProtocol.swift in Sources */ = {isa = PBXBuildFile; fileRef = 1C1E07CB2B56ED5D002E859F /* FetchUserDetailsUseCaseProtocol.swift */; };
		1C1E07CE2B56EE5E002E859F /* UserDetailsModel.swift in Sources */ = {isa = PBXBuildFile; fileRef = 1C1E07CD2B56EE5E002E859F /* UserDetailsModel.swift */; };
		1C1E07D02B56EEFD002E859F /* FetchUserDetailsUseCase.swift in Sources */ = {isa = PBXBuildFile; fileRef = 1C1E07CF2B56EEFD002E859F /* FetchUserDetailsUseCase.swift */; };
		1C1E07D22B57639E002E859F /* GithubUserRepo.swift in Sources */ = {isa = PBXBuildFile; fileRef = 1C1E07D12B57639E002E859F /* GithubUserRepo.swift */; };
		1C1E07D62B576F25002E859F /* UserRepoModel.swift in Sources */ = {isa = PBXBuildFile; fileRef = 1C1E07D52B576F25002E859F /* UserRepoModel.swift */; };
		1C1E07DD2B5773A1002E859F /* UserDetailsView.swift in Sources */ = {isa = PBXBuildFile; fileRef = 1C1E07DC2B5773A1002E859F /* UserDetailsView.swift */; };
		1C1E07DF2B5773C8002E859F /* ListViewModel.swift in Sources */ = {isa = PBXBuildFile; fileRef = 1C1E07DE2B5773C8002E859F /* ListViewModel.swift */; };
		1C1E07E22B577A44002E859F /* UserModel.swift in Sources */ = {isa = PBXBuildFile; fileRef = 1C1E07E12B577A44002E859F /* UserModel.swift */; };
		1C1E07E52B59BAB5002E859F /* UserDetailsViewModel.swift in Sources */ = {isa = PBXBuildFile; fileRef = 1C1E07E42B59BAB5002E859F /* UserDetailsViewModel.swift */; };
		1C1E07E72B5A0E61002E859F /* SafariWebView.swift in Sources */ = {isa = PBXBuildFile; fileRef = 1C1E07E62B5A0E61002E859F /* SafariWebView.swift */; };
		1C6ED7772B5DA0DB00D15508 /* ListViewModelTests.swift in Sources */ = {isa = PBXBuildFile; fileRef = 1C6ED7762B5DA0DB00D15508 /* ListViewModelTests.swift */; };
		1C6ED77F2B5DA8E000D15508 /* FetchUsersUseCaseMock.swift in Sources */ = {isa = PBXBuildFile; fileRef = 1C6ED77E2B5DA8E000D15508 /* FetchUsersUseCaseMock.swift */; };
		1C6ED7812B5DB23200D15508 /* GithubStubs.swift in Sources */ = {isa = PBXBuildFile; fileRef = 1C6ED7802B5DB23200D15508 /* GithubStubs.swift */; };
		1C6ED7832B5DE3B400D15508 /* RepositoryMock.swift in Sources */ = {isa = PBXBuildFile; fileRef = 1C6ED7822B5DE3B400D15508 /* RepositoryMock.swift */; };
		1C6ED7852B5DE55B00D15508 /* FetchUsersUseCaseTests.swift in Sources */ = {isa = PBXBuildFile; fileRef = 1C6ED7842B5DE55B00D15508 /* FetchUsersUseCaseTests.swift */; };
		1C6ED7892B5DEAB900D15508 /* FetchUserDetailsUseCaseTests.swift in Sources */ = {isa = PBXBuildFile; fileRef = 1C6ED7882B5DEAB900D15508 /* FetchUserDetailsUseCaseTests.swift */; };
		1C6ED78B2B5DEE8600D15508 /* ErrorViews.swift in Sources */ = {isa = PBXBuildFile; fileRef = 1C6ED78A2B5DEE8600D15508 /* ErrorViews.swift */; };
		1C6ED78D2B5DEF3300D15508 /* ErrorViewFactoryTests.swift in Sources */ = {isa = PBXBuildFile; fileRef = 1C6ED78C2B5DEF3300D15508 /* ErrorViewFactoryTests.swift */; };
		1C6ED78F2B5DFC0700D15508 /* UserDetailsViewModelTests.swift in Sources */ = {isa = PBXBuildFile; fileRef = 1C6ED78E2B5DFC0700D15508 /* UserDetailsViewModelTests.swift */; };
		1C6ED7912B5DFC8700D15508 /* FetchUserDetailsUseCaseMock.swift in Sources */ = {isa = PBXBuildFile; fileRef = 1C6ED7902B5DFC8600D15508 /* FetchUserDetailsUseCaseMock.swift */; };
		1C6ED7932B5E0AC700D15508 /* URLSessionAPIClient.swift in Sources */ = {isa = PBXBuildFile; fileRef = 1C6ED7922B5E0AC700D15508 /* URLSessionAPIClient.swift */; };
		1C6ED7952B5E0B3D00D15508 /* DataDecoder.swift in Sources */ = {isa = PBXBuildFile; fileRef = 1C6ED7942B5E0B3D00D15508 /* DataDecoder.swift */; };
		1C6ED7972B5E123700D15508 /* ApiClientMock.swift in Sources */ = {isa = PBXBuildFile; fileRef = 1C6ED7962B5E123700D15508 /* ApiClientMock.swift */; };
		1C6ED7992B5E12BB00D15508 /* DataDecoderMock.swift in Sources */ = {isa = PBXBuildFile; fileRef = 1C6ED7982B5E12BB00D15508 /* DataDecoderMock.swift */; };
		1C6ED79B2B5E132600D15508 /* RepositoryTests.swift in Sources */ = {isa = PBXBuildFile; fileRef = 1C6ED79A2B5E132600D15508 /* RepositoryTests.swift */; };
/* End PBXBuildFile section */

/* Begin PBXContainerItemProxy section */
		1C6ED7782B5DA0DB00D15508 /* PBXContainerItemProxy */ = {
			isa = PBXContainerItemProxy;
			containerPortal = 1C1E07882B562EB6002E859F /* Project object */;
			proxyType = 1;
			remoteGlobalIDString = 1C1E078F2B562EB6002E859F;
			remoteInfo = GithubApp;
		};
/* End PBXContainerItemProxy section */

/* Begin PBXFileReference section */
		1C19D4B32B5C7635008E9E4F /* ErrorViewFactory.swift */ = {isa = PBXFileReference; lastKnownFileType = sourcecode.swift; path = ErrorViewFactory.swift; sourceTree = "<group>"; };
		1C1E07902B562EB6002E859F /* GithubApp.app */ = {isa = PBXFileReference; explicitFileType = wrapper.application; includeInIndex = 0; path = GithubApp.app; sourceTree = BUILT_PRODUCTS_DIR; };
		1C1E07932B562EB6002E859F /* GithubAppApp.swift */ = {isa = PBXFileReference; lastKnownFileType = sourcecode.swift; path = GithubAppApp.swift; sourceTree = "<group>"; };
		1C1E07952B562EB6002E859F /* ListView.swift */ = {isa = PBXFileReference; lastKnownFileType = sourcecode.swift; path = ListView.swift; sourceTree = "<group>"; };
		1C1E07972B562EB8002E859F /* Assets.xcassets */ = {isa = PBXFileReference; lastKnownFileType = folder.assetcatalog; path = Assets.xcassets; sourceTree = "<group>"; };
		1C1E079A2B562EB8002E859F /* Preview Assets.xcassets */ = {isa = PBXFileReference; lastKnownFileType = folder.assetcatalog; path = "Preview Assets.xcassets"; sourceTree = "<group>"; };
		1C1E07BD2B563748002E859F /* RepositoryProtocol.swift */ = {isa = PBXFileReference; lastKnownFileType = sourcecode.swift; path = RepositoryProtocol.swift; sourceTree = "<group>"; };
		1C1E07BF2B563A6E002E859F /* GithubUser.swift */ = {isa = PBXFileReference; lastKnownFileType = sourcecode.swift; path = GithubUser.swift; sourceTree = "<group>"; };
		1C1E07C12B563ABA002E859F /* GithubUserDetails.swift */ = {isa = PBXFileReference; lastKnownFileType = sourcecode.swift; path = GithubUserDetails.swift; sourceTree = "<group>"; };
		1C1E07C32B563C6A002E859F /* Repository.swift */ = {isa = PBXFileReference; lastKnownFileType = sourcecode.swift; path = Repository.swift; sourceTree = "<group>"; };
		1C1E07C52B563E3E002E859F /* FetchUsersUseCaseProtocol.swift */ = {isa = PBXFileReference; lastKnownFileType = sourcecode.swift; path = FetchUsersUseCaseProtocol.swift; sourceTree = "<group>"; };
		1C1E07C92B563FF9002E859F /* FetchUsersUseCase.swift */ = {isa = PBXFileReference; lastKnownFileType = sourcecode.swift; path = FetchUsersUseCase.swift; sourceTree = "<group>"; };
		1C1E07CB2B56ED5D002E859F /* FetchUserDetailsUseCaseProtocol.swift */ = {isa = PBXFileReference; lastKnownFileType = sourcecode.swift; path = FetchUserDetailsUseCaseProtocol.swift; sourceTree = "<group>"; };
		1C1E07CD2B56EE5E002E859F /* UserDetailsModel.swift */ = {isa = PBXFileReference; lastKnownFileType = sourcecode.swift; path = UserDetailsModel.swift; sourceTree = "<group>"; };
		1C1E07CF2B56EEFD002E859F /* FetchUserDetailsUseCase.swift */ = {isa = PBXFileReference; lastKnownFileType = sourcecode.swift; path = FetchUserDetailsUseCase.swift; sourceTree = "<group>"; };
		1C1E07D12B57639E002E859F /* GithubUserRepo.swift */ = {isa = PBXFileReference; lastKnownFileType = sourcecode.swift; path = GithubUserRepo.swift; sourceTree = "<group>"; };
		1C1E07D52B576F25002E859F /* UserRepoModel.swift */ = {isa = PBXFileReference; lastKnownFileType = sourcecode.swift; path = UserRepoModel.swift; sourceTree = "<group>"; };
		1C1E07DC2B5773A1002E859F /* UserDetailsView.swift */ = {isa = PBXFileReference; lastKnownFileType = sourcecode.swift; path = UserDetailsView.swift; sourceTree = "<group>"; };
		1C1E07DE2B5773C8002E859F /* ListViewModel.swift */ = {isa = PBXFileReference; lastKnownFileType = sourcecode.swift; path = ListViewModel.swift; sourceTree = "<group>"; };
		1C1E07E12B577A44002E859F /* UserModel.swift */ = {isa = PBXFileReference; lastKnownFileType = sourcecode.swift; path = UserModel.swift; sourceTree = "<group>"; };
		1C1E07E42B59BAB5002E859F /* UserDetailsViewModel.swift */ = {isa = PBXFileReference; lastKnownFileType = sourcecode.swift; path = UserDetailsViewModel.swift; sourceTree = "<group>"; };
		1C1E07E62B5A0E61002E859F /* SafariWebView.swift */ = {isa = PBXFileReference; lastKnownFileType = sourcecode.swift; path = SafariWebView.swift; sourceTree = "<group>"; };
		1C6ED7742B5DA0DB00D15508 /* GithubAppTests.xctest */ = {isa = PBXFileReference; explicitFileType = wrapper.cfbundle; includeInIndex = 0; path = GithubAppTests.xctest; sourceTree = BUILT_PRODUCTS_DIR; };
		1C6ED7762B5DA0DB00D15508 /* ListViewModelTests.swift */ = {isa = PBXFileReference; lastKnownFileType = sourcecode.swift; path = ListViewModelTests.swift; sourceTree = "<group>"; };
		1C6ED77D2B5DA1F800D15508 /* GithubApp.xctestplan */ = {isa = PBXFileReference; lastKnownFileType = text; path = GithubApp.xctestplan; sourceTree = "<group>"; };
		1C6ED77E2B5DA8E000D15508 /* FetchUsersUseCaseMock.swift */ = {isa = PBXFileReference; lastKnownFileType = sourcecode.swift; path = FetchUsersUseCaseMock.swift; sourceTree = "<group>"; };
		1C6ED7802B5DB23200D15508 /* GithubStubs.swift */ = {isa = PBXFileReference; lastKnownFileType = sourcecode.swift; path = GithubStubs.swift; sourceTree = "<group>"; };
		1C6ED7822B5DE3B400D15508 /* RepositoryMock.swift */ = {isa = PBXFileReference; lastKnownFileType = sourcecode.swift; path = RepositoryMock.swift; sourceTree = "<group>"; };
		1C6ED7842B5DE55B00D15508 /* FetchUsersUseCaseTests.swift */ = {isa = PBXFileReference; lastKnownFileType = sourcecode.swift; path = FetchUsersUseCaseTests.swift; sourceTree = "<group>"; };
		1C6ED7882B5DEAB900D15508 /* FetchUserDetailsUseCaseTests.swift */ = {isa = PBXFileReference; lastKnownFileType = sourcecode.swift; path = FetchUserDetailsUseCaseTests.swift; sourceTree = "<group>"; };
		1C6ED78A2B5DEE8600D15508 /* ErrorViews.swift */ = {isa = PBXFileReference; lastKnownFileType = sourcecode.swift; path = ErrorViews.swift; sourceTree = "<group>"; };
		1C6ED78C2B5DEF3300D15508 /* ErrorViewFactoryTests.swift */ = {isa = PBXFileReference; lastKnownFileType = sourcecode.swift; path = ErrorViewFactoryTests.swift; sourceTree = "<group>"; };
		1C6ED78E2B5DFC0700D15508 /* UserDetailsViewModelTests.swift */ = {isa = PBXFileReference; lastKnownFileType = sourcecode.swift; path = UserDetailsViewModelTests.swift; sourceTree = "<group>"; };
		1C6ED7902B5DFC8600D15508 /* FetchUserDetailsUseCaseMock.swift */ = {isa = PBXFileReference; lastKnownFileType = sourcecode.swift; path = FetchUserDetailsUseCaseMock.swift; sourceTree = "<group>"; };
		1C6ED7922B5E0AC700D15508 /* URLSessionAPIClient.swift */ = {isa = PBXFileReference; lastKnownFileType = sourcecode.swift; path = URLSessionAPIClient.swift; sourceTree = "<group>"; };
		1C6ED7942B5E0B3D00D15508 /* DataDecoder.swift */ = {isa = PBXFileReference; lastKnownFileType = sourcecode.swift; path = DataDecoder.swift; sourceTree = "<group>"; };
		1C6ED7962B5E123700D15508 /* ApiClientMock.swift */ = {isa = PBXFileReference; lastKnownFileType = sourcecode.swift; path = ApiClientMock.swift; sourceTree = "<group>"; };
		1C6ED7982B5E12BB00D15508 /* DataDecoderMock.swift */ = {isa = PBXFileReference; lastKnownFileType = sourcecode.swift; path = DataDecoderMock.swift; sourceTree = "<group>"; };
		1C6ED79A2B5E132600D15508 /* RepositoryTests.swift */ = {isa = PBXFileReference; lastKnownFileType = sourcecode.swift; path = RepositoryTests.swift; sourceTree = "<group>"; };
/* End PBXFileReference section */

/* Begin PBXFrameworksBuildPhase section */
		1C1E078D2B562EB6002E859F /* Frameworks */ = {
			isa = PBXFrameworksBuildPhase;
			buildActionMask = 2147483647;
			files = (
			);
			runOnlyForDeploymentPostprocessing = 0;
		};
		1C6ED7712B5DA0DB00D15508 /* Frameworks */ = {
			isa = PBXFrameworksBuildPhase;
			buildActionMask = 2147483647;
			files = (
			);
			runOnlyForDeploymentPostprocessing = 0;
		};
/* End PBXFrameworksBuildPhase section */

/* Begin PBXGroup section */
		1C1E07872B562EB6002E859F = {
			isa = PBXGroup;
			children = (
				1C1E07922B562EB6002E859F /* GithubApp */,
				1C6ED7752B5DA0DB00D15508 /* GithubAppTests */,
				1C1E07912B562EB6002E859F /* Products */,
			);
			sourceTree = "<group>";
		};
		1C1E07912B562EB6002E859F /* Products */ = {
			isa = PBXGroup;
			children = (
				1C1E07902B562EB6002E859F /* GithubApp.app */,
				1C6ED7742B5DA0DB00D15508 /* GithubAppTests.xctest */,
			);
			name = Products;
			sourceTree = "<group>";
		};
		1C1E07922B562EB6002E859F /* GithubApp */ = {
			isa = PBXGroup;
			children = (
				1C1E07932B562EB6002E859F /* GithubAppApp.swift */,
				1C1E07E02B577760002E859F /* UsersList */,
				1C1E07E32B58C3F4002E859F /* UserDetails */,
				1C1E07BD2B563748002E859F /* RepositoryProtocol.swift */,
				1C1E07C32B563C6A002E859F /* Repository.swift */,
				1C6ED7922B5E0AC700D15508 /* URLSessionAPIClient.swift */,
				1C6ED7942B5E0B3D00D15508 /* DataDecoder.swift */,
				1C1E07D42B576E22002E859F /* Entities */,
				1C1E07CB2B56ED5D002E859F /* FetchUserDetailsUseCaseProtocol.swift */,
				1C1E07CF2B56EEFD002E859F /* FetchUserDetailsUseCase.swift */,
				1C1E07E62B5A0E61002E859F /* SafariWebView.swift */,
				1C19D4B32B5C7635008E9E4F /* ErrorViewFactory.swift */,
				1C6ED78A2B5DEE8600D15508 /* ErrorViews.swift */,
				1C1E07972B562EB8002E859F /* Assets.xcassets */,
				1C1E07992B562EB8002E859F /* Preview Content */,
			);
			path = GithubApp;
			sourceTree = "<group>";
		};
		1C1E07992B562EB8002E859F /* Preview Content */ = {
			isa = PBXGroup;
			children = (
				1C1E079A2B562EB8002E859F /* Preview Assets.xcassets */,
			);
			path = "Preview Content";
			sourceTree = "<group>";
		};
		1C1E07D42B576E22002E859F /* Entities */ = {
			isa = PBXGroup;
			children = (
				1C1E07D12B57639E002E859F /* GithubUserRepo.swift */,
				1C1E07BF2B563A6E002E859F /* GithubUser.swift */,
				1C1E07C12B563ABA002E859F /* GithubUserDetails.swift */,
			);
			path = Entities;
			sourceTree = "<group>";
		};
		1C1E07D72B576FEC002E859F /* Models */ = {
			isa = PBXGroup;
			children = (
				1C1E07CD2B56EE5E002E859F /* UserDetailsModel.swift */,
				1C1E07D52B576F25002E859F /* UserRepoModel.swift */,
			);
			path = Models;
			sourceTree = "<group>";
		};
		1C1E07E02B577760002E859F /* UsersList */ = {
			isa = PBXGroup;
			children = (
				1C1E07952B562EB6002E859F /* ListView.swift */,
				1C1E07DE2B5773C8002E859F /* ListViewModel.swift */,
				1C1E07E12B577A44002E859F /* UserModel.swift */,
				1C1E07C52B563E3E002E859F /* FetchUsersUseCaseProtocol.swift */,
				1C1E07C92B563FF9002E859F /* FetchUsersUseCase.swift */,
			);
			path = UsersList;
			sourceTree = "<group>";
		};
		1C1E07E32B58C3F4002E859F /* UserDetails */ = {
			isa = PBXGroup;
			children = (
				1C1E07DC2B5773A1002E859F /* UserDetailsView.swift */,
				1C1E07E42B59BAB5002E859F /* UserDetailsViewModel.swift */,
				1C1E07D72B576FEC002E859F /* Models */,
			);
			path = UserDetails;
			sourceTree = "<group>";
		};
		1C6ED7752B5DA0DB00D15508 /* GithubAppTests */ = {
			isa = PBXGroup;
			children = (
				1C6ED77D2B5DA1F800D15508 /* GithubApp.xctestplan */,
				1C6ED7762B5DA0DB00D15508 /* ListViewModelTests.swift */,
				1C6ED78E2B5DFC0700D15508 /* UserDetailsViewModelTests.swift */,
				1C6ED7962B5E123700D15508 /* ApiClientMock.swift */,
				1C6ED7982B5E12BB00D15508 /* DataDecoderMock.swift */,
				1C6ED79A2B5E132600D15508 /* RepositoryTests.swift */,
				1C6ED7802B5DB23200D15508 /* GithubStubs.swift */,
				1C6ED77E2B5DA8E000D15508 /* FetchUsersUseCaseMock.swift */,
				1C6ED7902B5DFC8600D15508 /* FetchUserDetailsUseCaseMock.swift */,
				1C6ED7822B5DE3B400D15508 /* RepositoryMock.swift */,
				1C6ED7842B5DE55B00D15508 /* FetchUsersUseCaseTests.swift */,
				1C6ED7882B5DEAB900D15508 /* FetchUserDetailsUseCaseTests.swift */,
				1C6ED78C2B5DEF3300D15508 /* ErrorViewFactoryTests.swift */,
			);
			path = GithubAppTests;
			sourceTree = "<group>";
		};
/* End PBXGroup section */

/* Begin PBXNativeTarget section */
		1C1E078F2B562EB6002E859F /* GithubApp */ = {
			isa = PBXNativeTarget;
			buildConfigurationList = 1C1E07B42B562EB8002E859F /* Build configuration list for PBXNativeTarget "GithubApp" */;
			buildPhases = (
				1C1E078C2B562EB6002E859F /* Sources */,
				1C1E078D2B562EB6002E859F /* Frameworks */,
				1C1E078E2B562EB6002E859F /* Resources */,
			);
			buildRules = (
			);
			dependencies = (
			);
			name = GithubApp;
			productName = GithubApp;
			productReference = 1C1E07902B562EB6002E859F /* GithubApp.app */;
			productType = "com.apple.product-type.application";
		};
		1C6ED7732B5DA0DB00D15508 /* GithubAppTests */ = {
			isa = PBXNativeTarget;
			buildConfigurationList = 1C6ED77A2B5DA0DB00D15508 /* Build configuration list for PBXNativeTarget "GithubAppTests" */;
			buildPhases = (
				1C6ED7702B5DA0DB00D15508 /* Sources */,
				1C6ED7712B5DA0DB00D15508 /* Frameworks */,
				1C6ED7722B5DA0DB00D15508 /* Resources */,
			);
			buildRules = (
			);
			dependencies = (
				1C6ED7792B5DA0DB00D15508 /* PBXTargetDependency */,
			);
			name = GithubAppTests;
			productName = GithubAppTests;
			productReference = 1C6ED7742B5DA0DB00D15508 /* GithubAppTests.xctest */;
			productType = "com.apple.product-type.bundle.unit-test";
		};
/* End PBXNativeTarget section */

/* Begin PBXProject section */
		1C1E07882B562EB6002E859F /* Project object */ = {
			isa = PBXProject;
			attributes = {
				BuildIndependentTargetsInParallel = 1;
				LastSwiftUpdateCheck = 1520;
				LastUpgradeCheck = 1520;
				TargetAttributes = {
					1C1E078F2B562EB6002E859F = {
						CreatedOnToolsVersion = 15.2;
					};
					1C6ED7732B5DA0DB00D15508 = {
						CreatedOnToolsVersion = 15.2;
						TestTargetID = 1C1E078F2B562EB6002E859F;
					};
				};
			};
			buildConfigurationList = 1C1E078B2B562EB6002E859F /* Build configuration list for PBXProject "GithubApp" */;
			compatibilityVersion = "Xcode 14.0";
			developmentRegion = en;
			hasScannedForEncodings = 0;
			knownRegions = (
				en,
				Base,
			);
			mainGroup = 1C1E07872B562EB6002E859F;
			productRefGroup = 1C1E07912B562EB6002E859F /* Products */;
			projectDirPath = "";
			projectRoot = "";
			targets = (
				1C1E078F2B562EB6002E859F /* GithubApp */,
				1C6ED7732B5DA0DB00D15508 /* GithubAppTests */,
			);
		};
/* End PBXProject section */

/* Begin PBXResourcesBuildPhase section */
		1C1E078E2B562EB6002E859F /* Resources */ = {
			isa = PBXResourcesBuildPhase;
			buildActionMask = 2147483647;
			files = (
				1C1E079B2B562EB8002E859F /* Preview Assets.xcassets in Resources */,
				1C1E07982B562EB8002E859F /* Assets.xcassets in Resources */,
			);
			runOnlyForDeploymentPostprocessing = 0;
		};
		1C6ED7722B5DA0DB00D15508 /* Resources */ = {
			isa = PBXResourcesBuildPhase;
			buildActionMask = 2147483647;
			files = (
			);
			runOnlyForDeploymentPostprocessing = 0;
		};
/* End PBXResourcesBuildPhase section */

/* Begin PBXSourcesBuildPhase section */
		1C1E078C2B562EB6002E859F /* Sources */ = {
			isa = PBXSourcesBuildPhase;
			buildActionMask = 2147483647;
			files = (
				1C1E07C62B563E3E002E859F /* FetchUsersUseCaseProtocol.swift in Sources */,
				1C1E07962B562EB6002E859F /* ListView.swift in Sources */,
				1C1E07E52B59BAB5002E859F /* UserDetailsViewModel.swift in Sources */,
				1C1E07D62B576F25002E859F /* UserRepoModel.swift in Sources */,
				1C1E07CA2B563FF9002E859F /* FetchUsersUseCase.swift in Sources */,
				1C1E07DD2B5773A1002E859F /* UserDetailsView.swift in Sources */,
				1C1E07942B562EB6002E859F /* GithubAppApp.swift in Sources */,
				1C6ED7932B5E0AC700D15508 /* URLSessionAPIClient.swift in Sources */,
				1C1E07DF2B5773C8002E859F /* ListViewModel.swift in Sources */,
				1C1E07D02B56EEFD002E859F /* FetchUserDetailsUseCase.swift in Sources */,
				1C1E07CC2B56ED5D002E859F /* FetchUserDetailsUseCaseProtocol.swift in Sources */,
				1C1E07C02B563A6E002E859F /* GithubUser.swift in Sources */,
				1C6ED7952B5E0B3D00D15508 /* DataDecoder.swift in Sources */,
				1C1E07E72B5A0E61002E859F /* SafariWebView.swift in Sources */,
				1C1E07BE2B563749002E859F /* RepositoryProtocol.swift in Sources */,
				1C19D4B42B5C7635008E9E4F /* ErrorViewFactory.swift in Sources */,
				1C1E07C22B563ABA002E859F /* GithubUserDetails.swift in Sources */,
				1C1E07E22B577A44002E859F /* UserModel.swift in Sources */,
				1C1E07C42B563C6A002E859F /* Repository.swift in Sources */,
				1C1E07D22B57639E002E859F /* GithubUserRepo.swift in Sources */,
				1C1E07CE2B56EE5E002E859F /* UserDetailsModel.swift in Sources */,
				1C6ED78B2B5DEE8600D15508 /* ErrorViews.swift in Sources */,
			);
			runOnlyForDeploymentPostprocessing = 0;
		};
		1C6ED7702B5DA0DB00D15508 /* Sources */ = {
			isa = PBXSourcesBuildPhase;
			buildActionMask = 2147483647;
			files = (
				1C6ED7892B5DEAB900D15508 /* FetchUserDetailsUseCaseTests.swift in Sources */,
				1C6ED7772B5DA0DB00D15508 /* ListViewModelTests.swift in Sources */,
				1C6ED78D2B5DEF3300D15508 /* ErrorViewFactoryTests.swift in Sources */,
				1C6ED7972B5E123700D15508 /* ApiClientMock.swift in Sources */,
				1C6ED7832B5DE3B400D15508 /* RepositoryMock.swift in Sources */,
				1C6ED7852B5DE55B00D15508 /* FetchUsersUseCaseTests.swift in Sources */,
				1C6ED7912B5DFC8700D15508 /* FetchUserDetailsUseCaseMock.swift in Sources */,
				1C6ED77F2B5DA8E000D15508 /* FetchUsersUseCaseMock.swift in Sources */,
				1C6ED78F2B5DFC0700D15508 /* UserDetailsViewModelTests.swift in Sources */,
				1C6ED7992B5E12BB00D15508 /* DataDecoderMock.swift in Sources */,
				1C6ED7812B5DB23200D15508 /* GithubStubs.swift in Sources */,
				1C6ED79B2B5E132600D15508 /* RepositoryTests.swift in Sources */,
			);
			runOnlyForDeploymentPostprocessing = 0;
		};
/* End PBXSourcesBuildPhase section */

/* Begin PBXTargetDependency section */
		1C6ED7792B5DA0DB00D15508 /* PBXTargetDependency */ = {
			isa = PBXTargetDependency;
			target = 1C1E078F2B562EB6002E859F /* GithubApp */;
			targetProxy = 1C6ED7782B5DA0DB00D15508 /* PBXContainerItemProxy */;
		};
/* End PBXTargetDependency section */

/* Begin XCBuildConfiguration section */
		1C1E07B22B562EB8002E859F /* Debug */ = {
			isa = XCBuildConfiguration;
			buildSettings = {
				ALWAYS_SEARCH_USER_PATHS = NO;
				ASSETCATALOG_COMPILER_GENERATE_SWIFT_ASSET_SYMBOL_EXTENSIONS = YES;
				CLANG_ANALYZER_NONNULL = YES;
				CLANG_ANALYZER_NUMBER_OBJECT_CONVERSION = YES_AGGRESSIVE;
				CLANG_CXX_LANGUAGE_STANDARD = "gnu++20";
				CLANG_ENABLE_MODULES = YES;
				CLANG_ENABLE_OBJC_ARC = YES;
				CLANG_ENABLE_OBJC_WEAK = YES;
				CLANG_WARN_BLOCK_CAPTURE_AUTORELEASING = YES;
				CLANG_WARN_BOOL_CONVERSION = YES;
				CLANG_WARN_COMMA = YES;
				CLANG_WARN_CONSTANT_CONVERSION = YES;
				CLANG_WARN_DEPRECATED_OBJC_IMPLEMENTATIONS = YES;
				CLANG_WARN_DIRECT_OBJC_ISA_USAGE = YES_ERROR;
				CLANG_WARN_DOCUMENTATION_COMMENTS = YES;
				CLANG_WARN_EMPTY_BODY = YES;
				CLANG_WARN_ENUM_CONVERSION = YES;
				CLANG_WARN_INFINITE_RECURSION = YES;
				CLANG_WARN_INT_CONVERSION = YES;
				CLANG_WARN_NON_LITERAL_NULL_CONVERSION = YES;
				CLANG_WARN_OBJC_IMPLICIT_RETAIN_SELF = YES;
				CLANG_WARN_OBJC_LITERAL_CONVERSION = YES;
				CLANG_WARN_OBJC_ROOT_CLASS = YES_ERROR;
				CLANG_WARN_QUOTED_INCLUDE_IN_FRAMEWORK_HEADER = YES;
				CLANG_WARN_RANGE_LOOP_ANALYSIS = YES;
				CLANG_WARN_STRICT_PROTOTYPES = YES;
				CLANG_WARN_SUSPICIOUS_MOVE = YES;
				CLANG_WARN_UNGUARDED_AVAILABILITY = YES_AGGRESSIVE;
				CLANG_WARN_UNREACHABLE_CODE = YES;
				CLANG_WARN__DUPLICATE_METHOD_MATCH = YES;
				COPY_PHASE_STRIP = NO;
				DEBUG_INFORMATION_FORMAT = dwarf;
				ENABLE_STRICT_OBJC_MSGSEND = YES;
				ENABLE_TESTABILITY = YES;
				ENABLE_USER_SCRIPT_SANDBOXING = YES;
				GCC_C_LANGUAGE_STANDARD = gnu17;
				GCC_DYNAMIC_NO_PIC = NO;
				GCC_NO_COMMON_BLOCKS = YES;
				GCC_OPTIMIZATION_LEVEL = 0;
				GCC_PREPROCESSOR_DEFINITIONS = (
					"DEBUG=1",
					"$(inherited)",
				);
				GCC_WARN_64_TO_32_BIT_CONVERSION = YES;
				GCC_WARN_ABOUT_RETURN_TYPE = YES_ERROR;
				GCC_WARN_UNDECLARED_SELECTOR = YES;
				GCC_WARN_UNINITIALIZED_AUTOS = YES_AGGRESSIVE;
				GCC_WARN_UNUSED_FUNCTION = YES;
				GCC_WARN_UNUSED_VARIABLE = YES;
				IPHONEOS_DEPLOYMENT_TARGET = 16.0;
				LOCALIZATION_PREFERS_STRING_CATALOGS = YES;
				MTL_ENABLE_DEBUG_INFO = INCLUDE_SOURCE;
				MTL_FAST_MATH = YES;
				ONLY_ACTIVE_ARCH = YES;
				SDKROOT = iphoneos;
				SWIFT_ACTIVE_COMPILATION_CONDITIONS = "DEBUG $(inherited)";
				SWIFT_OPTIMIZATION_LEVEL = "-Onone";
			};
			name = Debug;
		};
		1C1E07B32B562EB8002E859F /* Release */ = {
			isa = XCBuildConfiguration;
			buildSettings = {
				ALWAYS_SEARCH_USER_PATHS = NO;
				ASSETCATALOG_COMPILER_GENERATE_SWIFT_ASSET_SYMBOL_EXTENSIONS = YES;
				CLANG_ANALYZER_NONNULL = YES;
				CLANG_ANALYZER_NUMBER_OBJECT_CONVERSION = YES_AGGRESSIVE;
				CLANG_CXX_LANGUAGE_STANDARD = "gnu++20";
				CLANG_ENABLE_MODULES = YES;
				CLANG_ENABLE_OBJC_ARC = YES;
				CLANG_ENABLE_OBJC_WEAK = YES;
				CLANG_WARN_BLOCK_CAPTURE_AUTORELEASING = YES;
				CLANG_WARN_BOOL_CONVERSION = YES;
				CLANG_WARN_COMMA = YES;
				CLANG_WARN_CONSTANT_CONVERSION = YES;
				CLANG_WARN_DEPRECATED_OBJC_IMPLEMENTATIONS = YES;
				CLANG_WARN_DIRECT_OBJC_ISA_USAGE = YES_ERROR;
				CLANG_WARN_DOCUMENTATION_COMMENTS = YES;
				CLANG_WARN_EMPTY_BODY = YES;
				CLANG_WARN_ENUM_CONVERSION = YES;
				CLANG_WARN_INFINITE_RECURSION = YES;
				CLANG_WARN_INT_CONVERSION = YES;
				CLANG_WARN_NON_LITERAL_NULL_CONVERSION = YES;
				CLANG_WARN_OBJC_IMPLICIT_RETAIN_SELF = YES;
				CLANG_WARN_OBJC_LITERAL_CONVERSION = YES;
				CLANG_WARN_OBJC_ROOT_CLASS = YES_ERROR;
				CLANG_WARN_QUOTED_INCLUDE_IN_FRAMEWORK_HEADER = YES;
				CLANG_WARN_RANGE_LOOP_ANALYSIS = YES;
				CLANG_WARN_STRICT_PROTOTYPES = YES;
				CLANG_WARN_SUSPICIOUS_MOVE = YES;
				CLANG_WARN_UNGUARDED_AVAILABILITY = YES_AGGRESSIVE;
				CLANG_WARN_UNREACHABLE_CODE = YES;
				CLANG_WARN__DUPLICATE_METHOD_MATCH = YES;
				COPY_PHASE_STRIP = NO;
				DEBUG_INFORMATION_FORMAT = "dwarf-with-dsym";
				ENABLE_NS_ASSERTIONS = NO;
				ENABLE_STRICT_OBJC_MSGSEND = YES;
				ENABLE_USER_SCRIPT_SANDBOXING = YES;
				GCC_C_LANGUAGE_STANDARD = gnu17;
				GCC_NO_COMMON_BLOCKS = YES;
				GCC_WARN_64_TO_32_BIT_CONVERSION = YES;
				GCC_WARN_ABOUT_RETURN_TYPE = YES_ERROR;
				GCC_WARN_UNDECLARED_SELECTOR = YES;
				GCC_WARN_UNINITIALIZED_AUTOS = YES_AGGRESSIVE;
				GCC_WARN_UNUSED_FUNCTION = YES;
				GCC_WARN_UNUSED_VARIABLE = YES;
				IPHONEOS_DEPLOYMENT_TARGET = 16.0;
				LOCALIZATION_PREFERS_STRING_CATALOGS = YES;
				MTL_ENABLE_DEBUG_INFO = NO;
				MTL_FAST_MATH = YES;
				SDKROOT = iphoneos;
				SWIFT_COMPILATION_MODE = wholemodule;
				VALIDATE_PRODUCT = YES;
			};
			name = Release;
		};
		1C1E07B52B562EB8002E859F /* Debug */ = {
			isa = XCBuildConfiguration;
			buildSettings = {
				ASSETCATALOG_COMPILER_APPICON_NAME = AppIcon;
				ASSETCATALOG_COMPILER_GLOBAL_ACCENT_COLOR_NAME = AccentColor;
				CODE_SIGN_STYLE = Automatic;
				CURRENT_PROJECT_VERSION = 1;
				DEVELOPMENT_ASSET_PATHS = "\"GithubApp/Preview Content\"";
				DEVELOPMENT_TEAM = XWFZ5Y579Z;
				ENABLE_PREVIEWS = YES;
				GENERATE_INFOPLIST_FILE = YES;
				INFOPLIST_KEY_UIApplicationSceneManifest_Generation = YES;
				INFOPLIST_KEY_UIApplicationSupportsIndirectInputEvents = YES;
				INFOPLIST_KEY_UILaunchScreen_Generation = YES;
				INFOPLIST_KEY_UISupportedInterfaceOrientations_iPad = "UIInterfaceOrientationPortrait UIInterfaceOrientationPortraitUpsideDown UIInterfaceOrientationLandscapeLeft UIInterfaceOrientationLandscapeRight";
				INFOPLIST_KEY_UISupportedInterfaceOrientations_iPhone = "UIInterfaceOrientationPortrait UIInterfaceOrientationLandscapeLeft UIInterfaceOrientationLandscapeRight";
				IPHONEOS_DEPLOYMENT_TARGET = 16.0;
				LD_RUNPATH_SEARCH_PATHS = (
					"$(inherited)",
					"@executable_path/Frameworks",
				);
				MARKETING_VERSION = 1.0;
				PRODUCT_BUNDLE_IDENTIFIER = com.carlosmendieta.GithubApp;
				PRODUCT_NAME = "$(TARGET_NAME)";
				SWIFT_EMIT_LOC_STRINGS = YES;
				SWIFT_VERSION = 5.0;
				TARGETED_DEVICE_FAMILY = "1,2";
			};
			name = Debug;
		};
		1C1E07B62B562EB8002E859F /* Release */ = {
			isa = XCBuildConfiguration;
			buildSettings = {
				ASSETCATALOG_COMPILER_APPICON_NAME = AppIcon;
				ASSETCATALOG_COMPILER_GLOBAL_ACCENT_COLOR_NAME = AccentColor;
				CODE_SIGN_STYLE = Automatic;
				CURRENT_PROJECT_VERSION = 1;
				DEVELOPMENT_ASSET_PATHS = "\"GithubApp/Preview Content\"";
				DEVELOPMENT_TEAM = XWFZ5Y579Z;
				ENABLE_PREVIEWS = YES;
				GENERATE_INFOPLIST_FILE = YES;
				INFOPLIST_KEY_UIApplicationSceneManifest_Generation = YES;
				INFOPLIST_KEY_UIApplicationSupportsIndirectInputEvents = YES;
				INFOPLIST_KEY_UILaunchScreen_Generation = YES;
				INFOPLIST_KEY_UISupportedInterfaceOrientations_iPad = "UIInterfaceOrientationPortrait UIInterfaceOrientationPortraitUpsideDown UIInterfaceOrientationLandscapeLeft UIInterfaceOrientationLandscapeRight";
				INFOPLIST_KEY_UISupportedInterfaceOrientations_iPhone = "UIInterfaceOrientationPortrait UIInterfaceOrientationLandscapeLeft UIInterfaceOrientationLandscapeRight";
				IPHONEOS_DEPLOYMENT_TARGET = 16.0;
				LD_RUNPATH_SEARCH_PATHS = (
					"$(inherited)",
					"@executable_path/Frameworks",
				);
				MARKETING_VERSION = 1.0;
				PRODUCT_BUNDLE_IDENTIFIER = com.carlosmendieta.GithubApp;
				PRODUCT_NAME = "$(TARGET_NAME)";
				SWIFT_EMIT_LOC_STRINGS = YES;
				SWIFT_VERSION = 5.0;
				TARGETED_DEVICE_FAMILY = "1,2";
			};
			name = Release;
		};
		1C6ED77B2B5DA0DB00D15508 /* Debug */ = {
			isa = XCBuildConfiguration;
			buildSettings = {
				BUNDLE_LOADER = "$(TEST_HOST)";
				CODE_SIGN_STYLE = Automatic;
				CURRENT_PROJECT_VERSION = 1;
				DEVELOPMENT_TEAM = XWFZ5Y579Z;
				GENERATE_INFOPLIST_FILE = YES;
				IPHONEOS_DEPLOYMENT_TARGET = 16.0;
				MARKETING_VERSION = 1.0;
				PRODUCT_BUNDLE_IDENTIFIER = com.carlosmendieta.GithubAppTests;
				PRODUCT_NAME = "$(TARGET_NAME)";
				SWIFT_EMIT_LOC_STRINGS = NO;
				SWIFT_VERSION = 5.0;
				TARGETED_DEVICE_FAMILY = "1,2";
				TEST_HOST = "$(BUILT_PRODUCTS_DIR)/GithubApp.app/$(BUNDLE_EXECUTABLE_FOLDER_PATH)/GithubApp";
			};
			name = Debug;
		};
		1C6ED77C2B5DA0DB00D15508 /* Release */ = {
			isa = XCBuildConfiguration;
			buildSettings = {
				BUNDLE_LOADER = "$(TEST_HOST)";
				CODE_SIGN_STYLE = Automatic;
				CURRENT_PROJECT_VERSION = 1;
				DEVELOPMENT_TEAM = XWFZ5Y579Z;
				GENERATE_INFOPLIST_FILE = YES;
				IPHONEOS_DEPLOYMENT_TARGET = 16.0;
				MARKETING_VERSION = 1.0;
				PRODUCT_BUNDLE_IDENTIFIER = com.carlosmendieta.GithubAppTests;
				PRODUCT_NAME = "$(TARGET_NAME)";
				SWIFT_EMIT_LOC_STRINGS = NO;
				SWIFT_VERSION = 5.0;
				TARGETED_DEVICE_FAMILY = "1,2";
				TEST_HOST = "$(BUILT_PRODUCTS_DIR)/GithubApp.app/$(BUNDLE_EXECUTABLE_FOLDER_PATH)/GithubApp";
			};
			name = Release;
		};
/* End XCBuildConfiguration section */

/* Begin XCConfigurationList section */
		1C1E078B2B562EB6002E859F /* Build configuration list for PBXProject "GithubApp" */ = {
			isa = XCConfigurationList;
			buildConfigurations = (
				1C1E07B22B562EB8002E859F /* Debug */,
				1C1E07B32B562EB8002E859F /* Release */,
			);
			defaultConfigurationIsVisible = 0;
			defaultConfigurationName = Release;
		};
		1C1E07B42B562EB8002E859F /* Build configuration list for PBXNativeTarget "GithubApp" */ = {
			isa = XCConfigurationList;
			buildConfigurations = (
				1C1E07B52B562EB8002E859F /* Debug */,
				1C1E07B62B562EB8002E859F /* Release */,
			);
			defaultConfigurationIsVisible = 0;
			defaultConfigurationName = Release;
		};
		1C6ED77A2B5DA0DB00D15508 /* Build configuration list for PBXNativeTarget "GithubAppTests" */ = {
			isa = XCConfigurationList;
			buildConfigurations = (
				1C6ED77B2B5DA0DB00D15508 /* Debug */,
				1C6ED77C2B5DA0DB00D15508 /* Release */,
			);
			defaultConfigurationIsVisible = 0;
			defaultConfigurationName = Release;
		};
/* End XCConfigurationList section */
	};
	rootObject = 1C1E07882B562EB6002E859F /* Project object */;
}
